<?xml version="1.0" encoding="utf-8"?>
<Project ToolsVersion="4.0" xmlns="http://schemas.microsoft.com/developer/msbuild/2003">
  <ItemGroup>
    <Filter Include="源文件">
      <UniqueIdentifier>{4FC737F1-C7A5-4376-A066-2A32D752A2FF}</UniqueIdentifier>
      <Extensions>cpp;c;cc;cxx;c++;cppm;ixx;def;odl;idl;hpj;bat;asm;asmx</Extensions>
    </Filter>
    <Filter Include="头文件">
      <UniqueIdentifier>{93995380-89BD-4b04-88EB-625FBE52EBFB}</UniqueIdentifier>
      <Extensions>h;hh;hpp;hxx;h++;hm;inl;inc;ipp;xsd</Extensions>
    </Filter>
    <Filter Include="资源文件">
      <UniqueIdentifier>{67DA6AB6-F800-4c08-8B7A-83BB121AAD01}</UniqueIdentifier>
      <Extensions>rc;ico;cur;bmp;dlg;rc2;rct;bin;rgs;gif;jpg;jpeg;jpe;resx;tiff;tif;png;wav;mfcribbon-ms</Extensions>
    </Filter>
  </ItemGroup>
  <ItemGroup>
    <ClInclude Include="CntrItem.h">
      <Filter>头文件</Filter>
    </ClInclude>
    <ClInclude Include="DlgBackpropParameters.h">
      <Filter>头文件</Filter>
    </ClInclude>
    <ClInclude Include="DlgCharacterImage.h">
      <Filter>头文件</Filter>
    </ClInclude>
    <ClInclude Include="DlgNeuralNet.h">
      <Filter>头文件</Filter>
    </ClInclude>
    <ClInclude Include="DlgResizeHelper.h">
      <Filter>头文件</Filter>
    </ClInclude>
    <ClInclude Include="DlgTesting.h">
      <Filter>头文件</Filter>
    </ClInclude>
    <ClInclude Include="DlgTestingParameters.h">
      <Filter>头文件</Filter>
    </ClInclude>
    <ClInclude Include="MainFrm.h">
      <Filter>头文件</Filter>
    </ClInclude>
    <ClInclude Include="MNist.h">
      <Filter>头文件</Filter>
    </ClInclude>
    <ClInclude Include="MNistDoc.h">
      <Filter>头文件</Filter>
    </ClInclude>
    <ClInclude Include="MNistView.h">
      <Filter>头文件</Filter>
    </ClInclude>
    <ClInclude Include="NeuralNetwork.h">
      <Filter>头文件</Filter>
    </ClInclude>
    <ClInclude Include="Preferences.h">
      <Filter>头文件</Filter>
    </ClInclude>
    <ClInclude Include="resource.h">
      <Filter>头文件</Filter>
    </ClInclude>
    <ClInclude Include="StdAfx.h">
      <Filter>头文件</Filter>
    </ClInclude>
    <ClInclude Include="TabbedControlPanel.h">
      <Filter>头文件</Filter>
    </ClInclude>
    <ClInclude Include="WndCharImage.h">
      <Filter>头文件</Filter>
    </ClInclude>
    <ClInclude Include="WndGraphicMSE.h">
      <Filter>头文件</Filter>
    </ClInclude>
    <ClInclude Include="WndNeuronViewer.h">
      <Filter>头文件</Filter>
    </ClInclude>
  </ItemGroup>
  <ItemGroup>
    <ClCompile Include="CntrItem.cpp">
      <Filter>源文件</Filter>
    </ClCompile>
    <ClCompile Include="DlgBackpropParameters.cpp">
      <Filter>源文件</Filter>
    </ClCompile>
    <ClCompile Include="DlgCharacterImage.cpp">
      <Filter>源文件</Filter>
    </ClCompile>
    <ClCompile Include="DlgNeuralNet.cpp">
      <Filter>源文件</Filter>
    </ClCompile>
    <ClCompile Include="DlgResizeHelper.cpp">
      <Filter>源文件</Filter>
    </ClCompile>
    <ClCompile Include="DlgTesting.cpp">
      <Filter>源文件</Filter>
    </ClCompile>
    <ClCompile Include="DlgTestingParameters.cpp">
      <Filter>源文件</Filter>
    </ClCompile>
    <ClCompile Include="MainFrm.cpp">
      <Filter>源文件</Filter>
    </ClCompile>
    <ClCompile Include="MNist.cpp">
      <Filter>源文件</Filter>
    </ClCompile>
    <ClCompile Include="MNistDoc.cpp">
      <Filter>源文件</Filter>
    </ClCompile>
    <ClCompile Include="MNistView.cpp">
      <Filter>源文件</Filter>
    </ClCompile>
    <ClCompile Include="NeuralNetwork.cpp">
      <Filter>源文件</Filter>
    </ClCompile>
    <ClCompile Include="Preferences.cpp">
      <Filter>源文件</Filter>
    </ClCompile>
    <ClCompile Include="StdAfx.cpp">
      <Filter>源文件</Filter>
    </ClCompile>
    <ClCompile Include="TabbedControlPanel.cpp">
      <Filter>源文件</Filter>
    </ClCompile>
    <ClCompile Include="WndCharImage.cpp">
      <Filter>源文件</Filter>
    </ClCompile>
    <ClCompile Include="WndGraphicMSE.cpp">
      <Filter>源文件</Filter>
    </ClCompile>
    <ClCompile Include="WndNeuronViewer.cpp">
      <Filter>源文件</Filter>
    </ClCompile>
  </ItemGroup>
  <ItemGroup>
    <ResourceCompile Include="MNist.rc">
      <Filter>资源文件</Filter>
    </ResourceCompile>
  </ItemGroup>
</Project>